
Microsoft Visual Studio Solution File, Format Version 12.00
# Visual Studio Version 17
VisualStudioVersion = 17.0.31903.59
MinimumVisualStudioVersion = 10.0.40219.1
Project("{2150E333-8FDC-42A3-9474-1A3956D46DE8}") = "src", "src", "{827E0CD3-B72D-47B6-A68D-7590B98EB39B}"
EndProject
Project("{FAE04EC0-301F-11D3-BF4B-00C04F79EFBC}") = "ProfAly.CMS.Domain", "src\ProfAly.CMS.Domain\ProfAly.CMS.Domain.csproj", "{E2A30CF5-170F-44B8-BB72-BD29E210D607}"
EndProject
Project("{FAE04EC0-301F-11D3-BF4B-00C04F79EFBC}") = "ProfAly.CMS.Application", "src\ProfAly.CMS.Application\ProfAly.CMS.Application.csproj", "{AF95ABD0-45A2-4C5E-9D41-505437F7B12C}"
EndProject
Project("{FAE04EC0-301F-11D3-BF4B-00C04F79EFBC}") = "ProfAly.CMS.Infrastructure", "src\ProfAly.CMS.Infrastructure\ProfAly.CMS.Infrastructure.csproj", "{C03B0CE7-BFC0-44DB-A9E1-99B8EBAC126F}"
EndProject
Project("{FAE04EC0-301F-11D3-BF4B-00C04F79EFBC}") = "ProfAly.CMS.Web", "src\ProfAly.CMS.Web\ProfAly.CMS.Web.csproj", "{EDCED21E-48AD-4042-8C8E-60DC17675F20}"
EndProject
Project("{2150E333-8FDC-42A3-9474-1A3956D46DE8}") = "tests", "tests", "{0AB3BF05-4346-4AA6-1389-037BE0695223}"
EndProject
Project("{FAE04EC0-301F-11D3-BF4B-00C04F79EFBC}") = "ProfAly.CMS.Tests", "tests\ProfAly.CMS.Tests\ProfAly.CMS.Tests.csproj", "{7DBC9609-A94C-4709-8D6C-0BA1BF27D3E4}"
EndProject
Global
	GlobalSection(SolutionConfigurationPlatforms) = preSolution
		Debug|Any CPU = Debug|Any CPU
		Debug|x64 = Debug|x64
		Debug|x86 = Debug|x86
		Release|Any CPU = Release|Any CPU
		Release|x64 = Release|x64
		Release|x86 = Release|x86
	EndGlobalSection
	GlobalSection(ProjectConfigurationPlatforms) = postSolution
		{E2A30CF5-170F-44B8-BB72-BD29E210D607}.Debug|Any CPU.ActiveCfg = Debug|Any CPU
		{E2A30CF5-170F-44B8-BB72-BD29E210D607}.Debug|Any CPU.Build.0 = Debug|Any CPU
		{E2A30CF5-170F-44B8-BB72-BD29E210D607}.Debug|x64.ActiveCfg = Debug|Any CPU
		{E2A30CF5-170F-44B8-BB72-BD29E210D607}.Debug|x64.Build.0 = Debug|Any CPU
		{E2A30CF5-170F-44B8-BB72-BD29E210D607}.Debug|x86.ActiveCfg = Debug|Any CPU
		{E2A30CF5-170F-44B8-BB72-BD29E210D607}.Debug|x86.Build.0 = Debug|Any CPU
		{E2A30CF5-170F-44B8-BB72-BD29E210D607}.Release|Any CPU.ActiveCfg = Release|Any CPU
		{E2A30CF5-170F-44B8-BB72-BD29E210D607}.Release|Any CPU.Build.0 = Release|Any CPU
		{E2A30CF5-170F-44B8-BB72-BD29E210D607}.Release|x64.ActiveCfg = Release|Any CPU
		{E2A30CF5-170F-44B8-BB72-BD29E210D607}.Release|x64.Build.0 = Release|Any CPU
		{E2A30CF5-170F-44B8-BB72-BD29E210D607}.Release|x86.ActiveCfg = Release|Any CPU
		{E2A30CF5-170F-44B8-BB72-BD29E210D607}.Release|x86.Build.0 = Release|Any CPU
		{AF95ABD0-45A2-4C5E-9D41-505437F7B12C}.Debug|Any CPU.ActiveCfg = Debug|Any CPU
		{AF95ABD0-45A2-4C5E-9D41-505437F7B12C}.Debug|Any CPU.Build.0 = Debug|Any CPU
		{AF95ABD0-45A2-4C5E-9D41-505437F7B12C}.Debug|x64.ActiveCfg = Debug|Any CPU
		{AF95ABD0-45A2-4C5E-9D41-505437F7B12C}.Debug|x64.Build.0 = Debug|Any CPU
		{AF95ABD0-45A2-4C5E-9D41-505437F7B12C}.Debug|x86.ActiveCfg = Debug|Any CPU
		{AF95ABD0-45A2-4C5E-9D41-505437F7B12C}.Debug|x86.Build.0 = Debug|Any CPU
		{AF95ABD0-45A2-4C5E-9D41-505437F7B12C}.Release|Any CPU.ActiveCfg = Release|Any CPU
		{AF95ABD0-45A2-4C5E-9D41-505437F7B12C}.Release|Any CPU.Build.0 = Release|Any CPU
		{AF95ABD0-45A2-4C5E-9D41-505437F7B12C}.Release|x64.ActiveCfg = Release|Any CPU
		{AF95ABD0-45A2-4C5E-9D41-505437F7B12C}.Release|x64.Build.0 = Release|Any CPU
		{AF95ABD0-45A2-4C5E-9D41-505437F7B12C}.Release|x86.ActiveCfg = Release|Any CPU
		{AF95ABD0-45A2-4C5E-9D41-505437F7B12C}.Release|x86.Build.0 = Release|Any CPU
		{C03B0CE7-BFC0-44DB-A9E1-99B8EBAC126F}.Debug|Any CPU.ActiveCfg = Debug|Any CPU
		{C03B0CE7-BFC0-44DB-A9E1-99B8EBAC126F}.Debug|Any CPU.Build.0 = Debug|Any CPU
		{C03B0CE7-BFC0-44DB-A9E1-99B8EBAC126F}.Debug|x64.ActiveCfg = Debug|Any CPU
		{C03B0CE7-BFC0-44DB-A9E1-99B8EBAC126F}.Debug|x64.Build.0 = Debug|Any CPU
		{C03B0CE7-BFC0-44DB-A9E1-99B8EBAC126F}.Debug|x86.ActiveCfg = Debug|Any CPU
		{C03B0CE7-BFC0-44DB-A9E1-99B8EBAC126F}.Debug|x86.Build.0 = Debug|Any CPU
		{C03B0CE7-BFC0-44DB-A9E1-99B8EBAC126F}.Release|Any CPU.ActiveCfg = Release|Any CPU
		{C03B0CE7-BFC0-44DB-A9E1-99B8EBAC126F}.Release|Any CPU.Build.0 = Release|Any CPU
		{C03B0CE7-BFC0-44DB-A9E1-99B8EBAC126F}.Release|x64.ActiveCfg = Release|Any CPU
		{C03B0CE7-BFC0-44DB-A9E1-99B8EBAC126F}.Release|x64.Build.0 = Release|Any CPU
		{C03B0CE7-BFC0-44DB-A9E1-99B8EBAC126F}.Release|x86.ActiveCfg = Release|Any CPU
		{C03B0CE7-BFC0-44DB-A9E1-99B8EBAC126F}.Release|x86.Build.0 = Release|Any CPU
		{EDCED21E-48AD-4042-8C8E-60DC17675F20}.Debug|Any CPU.ActiveCfg = Debug|Any CPU
		{EDCED21E-48AD-4042-8C8E-60DC17675F20}.Debug|Any CPU.Build.0 = Debug|Any CPU
		{EDCED21E-48AD-4042-8C8E-60DC17675F20}.Debug|x64.ActiveCfg = Debug|Any CPU
		{EDCED21E-48AD-4042-8C8E-60DC17675F20}.Debug|x64.Build.0 = Debug|Any CPU
		{EDCED21E-48AD-4042-8C8E-60DC17675F20}.Debug|x86.ActiveCfg = Debug|Any CPU
		{EDCED21E-48AD-4042-8C8E-60DC17675F20}.Debug|x86.Build.0 = Debug|Any CPU
		{EDCED21E-48AD-4042-8C8E-60DC17675F20}.Release|Any CPU.ActiveCfg = Release|Any CPU
		{EDCED21E-48AD-4042-8C8E-60DC17675F20}.Release|Any CPU.Build.0 = Release|Any CPU
		{EDCED21E-48AD-4042-8C8E-60DC17675F20}.Release|x64.ActiveCfg = Release|Any CPU
		{EDCED21E-48AD-4042-8C8E-60DC17675F20}.Release|x64.Build.0 = Release|Any CPU
		{EDCED21E-48AD-4042-8C8E-60DC17675F20}.Release|x86.ActiveCfg = Release|Any CPU
		{EDCED21E-48AD-4042-8C8E-60DC17675F20}.Release|x86.Build.0 = Release|Any CPU
		{7DBC9609-A94C-4709-8D6C-0BA1BF27D3E4}.Debug|Any CPU.ActiveCfg = Debug|Any CPU
		{7DBC9609-A94C-4709-8D6C-0BA1BF27D3E4}.Debug|Any CPU.Build.0 = Debug|Any CPU
		{7DBC9609-A94C-4709-8D6C-0BA1BF27D3E4}.Debug|x64.ActiveCfg = Debug|Any CPU
		{7DBC9609-A94C-4709-8D6C-0BA1BF27D3E4}.Debug|x64.Build.0 = Debug|Any CPU
		{7DBC9609-A94C-4709-8D6C-0BA1BF27D3E4}.Debug|x86.ActiveCfg = Debug|Any CPU
		{7DBC9609-A94C-4709-8D6C-0BA1BF27D3E4}.Debug|x86.Build.0 = Debug|Any CPU
		{7DBC9609-A94C-4709-8D6C-0BA1BF27D3E4}.Release|Any CPU.ActiveCfg = Release|Any CPU
		{7DBC9609-A94C-4709-8D6C-0BA1BF27D3E4}.Release|Any CPU.Build.0 = Release|Any CPU
		{7DBC9609-A94C-4709-8D6C-0BA1BF27D3E4}.Release|x64.ActiveCfg = Release|Any CPU
		{7DBC9609-A94C-4709-8D6C-0BA1BF27D3E4}.Release|x64.Build.0 = Release|Any CPU
		{7DBC9609-A94C-4709-8D6C-0BA1BF27D3E4}.Release|x86.ActiveCfg = Release|Any CPU
		{7DBC9609-A94C-4709-8D6C-0BA1BF27D3E4}.Release|x86.Build.0 = Release|Any CPU
	EndGlobalSection
	GlobalSection(SolutionProperties) = preSolution
		HideSolutionNode = FALSE
	EndGlobalSection
	GlobalSection(NestedProjects) = preSolution
		{E2A30CF5-170F-44B8-BB72-BD29E210D607} = {827E0CD3-B72D-47B6-A68D-7590B98EB39B}
		{AF95ABD0-45A2-4C5E-9D41-505437F7B12C} = {827E0CD3-B72D-47B6-A68D-7590B98EB39B}
		{C03B0CE7-BFC0-44DB-A9E1-99B8EBAC126F} = {827E0CD3-B72D-47B6-A68D-7590B98EB39B}
		{EDCED21E-48AD-4042-8C8E-60DC17675F20} = {827E0CD3-B72D-47B6-A68D-7590B98EB39B}
		{7DBC9609-A94C-4709-8D6C-0BA1BF27D3E4} = {0AB3BF05-4346-4AA6-1389-037BE0695223}
	EndGlobalSection
EndGlobal
